{
  "name": "smart-passwd",
  "version": "1.0.0",
  "lockfileVersion": 1,
  "requires": true,
  "dependencies": {
    "sql.js": {
      "version": "1.6.1",
      "resolved": "https://registry.npmjs.org/sql.js/-/sql.js-1.6.1.tgz",
      "integrity": "sha512-mQTboXfaaYsqG6leg2tYHppHPShHFDP+vtPjyTBrOCM//8XvnK/OfVYQahS3g6ArvO2a6lvBsHy8w/qZ9a12DQ=="
    }
  }
}
